// !$*UTF8*$!
{
	archiveVersion = 1;
	classes = {
	};
	objectVersion = 46;
	objects = {

/* Begin PBXBuildFile section */
		2704CE2B1E5BD25300A7BF4C /* OredrViewController.m in Sources */ = {isa = PBXBuildFile; fileRef = 2704CE2A1E5BD25300A7BF4C /* OredrViewController.m */; };
		2704CE2D1E5BD84300A7BF4C /* ViewController.m in Sources */ = {isa = PBXBuildFile; fileRef = 2704CE2C1E5BD84300A7BF4C /* ViewController.m */; };
		2704CE311E5BE04C00A7BF4C /* MDMenuView.m in Sources */ = {isa = PBXBuildFile; fileRef = 2704CE301E5BE04C00A7BF4C /* MDMenuView.m */; };
		2726C68E1E5BC47A00CDA16D /* main.m in Sources */ = {isa = PBXBuildFile; fileRef = 2726C68D1E5BC47A00CDA16D /* main.m */; };
		2726C6911E5BC47A00CDA16D /* AppDelegate.m in Sources */ = {isa = PBXBuildFile; fileRef = 2726C6901E5BC47A00CDA16D /* AppDelegate.m */; };
		2726C6971E5BC47A00CDA16D /* Main.storyboard in Resources */ = {isa = PBXBuildFile; fileRef = 2726C6951E5BC47A00CDA16D /* Main.storyboard */; };
		2726C6991E5BC47A00CDA16D /* Assets.xcassets in Resources */ = {isa = PBXBuildFile; fileRef = 2726C6981E5BC47A00CDA16D /* Assets.xcassets */; };
		2726C69C1E5BC47A00CDA16D /* LaunchScreen.storyboard in Resources */ = {isa = PBXBuildFile; fileRef = 2726C69A1E5BC47A00CDA16D /* LaunchScreen.storyboard */; };
/* End PBXBuildFile section */

/* Begin PBXFileReference section */
		2704CE291E5BD25300A7BF4C /* OredrViewController.h */ = {isa = PBXFileReference; fileEncoding = 4; lastKnownFileType = sourcecode.c.h; path = OredrViewController.h; sourceTree = "<group>"; };
		2704CE2A1E5BD25300A7BF4C /* OredrViewController.m */ = {isa = PBXFileReference; fileEncoding = 4; lastKnownFileType = sourcecode.c.objc; path = OredrViewController.m; sourceTree = "<group>"; };
		2704CE2C1E5BD84300A7BF4C /* ViewController.m */ = {isa = PBXFileReference; fileEncoding = 4; lastKnownFileType = sourcecode.c.objc; path = ViewController.m; sourceTree = "<group>"; };
		2704CE2F1E5BE04C00A7BF4C /* MDMenuView.h */ = {isa = PBXFileReference; fileEncoding = 4; lastKnownFileType = sourcecode.c.h; path = MDMenuView.h; sourceTree = "<group>"; };
		2704CE301E5BE04C00A7BF4C /* MDMenuView.m */ = {isa = PBXFileReference; fileEncoding = 4; lastKnownFileType = sourcecode.c.objc; path = MDMenuView.m; sourceTree = "<group>"; };
		2726C6891E5BC47A00CDA16D /* MDButtonScrollMenu.app */ = {isa = PBXFileReference; explicitFileType = wrapper.application; includeInIndex = 0; path = MDButtonScrollMenu.app; sourceTree = BUILT_PRODUCTS_DIR; };
		2726C68D1E5BC47A00CDA16D /* main.m */ = {isa = PBXFileReference; lastKnownFileType = sourcecode.c.objc; path = main.m; sourceTree = "<group>"; };
		2726C68F1E5BC47A00CDA16D /* AppDelegate.h */ = {isa = PBXFileReference; lastKnownFileType = sourcecode.c.h; path = AppDelegate.h; sourceTree = "<group>"; };
		2726C6901E5BC47A00CDA16D /* AppDelegate.m */ = {isa = PBXFileReference; lastKnownFileType = sourcecode.c.objc; path = AppDelegate.m; sourceTree = "<group>"; };
		2726C6921E5BC47A00CDA16D /* ViewController.h */ = {isa = PBXFileReference; lastKnownFileType = sourcecode.c.h; path = ViewController.h; sourceTree = "<group>"; };
		2726C6961E5BC47A00CDA16D /* Base */ = {isa = PBXFileReference; lastKnownFileType = file.storyboard; name = Base; path = Base.lproj/Main.storyboard; sourceTree = "<group>"; };
		2726C6981E5BC47A00CDA16D /* Assets.xcassets */ = {isa = PBXFileReference; lastKnownFileType = folder.assetcatalog; path = Assets.xcassets; sourceTree = "<group>"; };
		2726C69B1E5BC47A00CDA16D /* Base */ = {isa = PBXFileReference; lastKnownFileType = file.storyboard; name = Base; path = Base.lproj/LaunchScreen.storyboard; sourceTree = "<group>"; };
		2726C69D1E5BC47A00CDA16D /* Info.plist */ = {isa = PBXFileReference; lastKnownFileType = text.plist.xml; path = Info.plist; sourceTree = "<group>"; };
/* End PBXFileReference section */

/* Begin PBXFrameworksBuildPhase section */
		2726C6861E5BC47A00CDA16D /* Frameworks */ = {
			isa = PBXFrameworksBuildPhase;
			buildActionMask = 2147483647;
			files = (
			);
			runOnlyForDeploymentPostprocessing = 0;
		};
/* End PBXFrameworksBuildPhase section */

/* Begin PBXGroup section */
		2704CE2E1E5BE04C00A7BF4C /* MDMenuView */ = {
			isa = PBXGroup;
			children = (
				2704CE2F1E5BE04C00A7BF4C /* MDMenuView.h */,
				2704CE301E5BE04C00A7BF4C /* MDMenuView.m */,
			);
			path = MDMenuView;
			sourceTree = "<group>";
		};
		2726C6801E5BC47A00CDA16D = {
			isa = PBXGroup;
			children = (
				2726C68B1E5BC47A00CDA16D /* MDButtonScrollMenu */,
				2726C68A1E5BC47A00CDA16D /* Products */,
			);
			sourceTree = "<group>";
		};
		2726C68A1E5BC47A00CDA16D /* Products */ = {
			isa = PBXGroup;
			children = (
				2726C6891E5BC47A00CDA16D /* MDButtonScrollMenu.app */,
			);
			name = Products;
			sourceTree = "<group>";
		};
		2726C68B1E5BC47A00CDA16D /* MDButtonScrollMenu */ = {
			isa = PBXGroup;
			children = (
				2726C68F1E5BC47A00CDA16D /* AppDelegate.h */,
				2726C6901E5BC47A00CDA16D /* AppDelegate.m */,
				2726C6921E5BC47A00CDA16D /* ViewController.h */,
				2704CE2C1E5BD84300A7BF4C /* ViewController.m */,
				2704CE291E5BD25300A7BF4C /* OredrViewController.h */,
				2704CE2A1E5BD25300A7BF4C /* OredrViewController.m */,
				2704CE2E1E5BE04C00A7BF4C /* MDMenuView */,
				2726C6951E5BC47A00CDA16D /* Main.storyboard */,
				2726C6981E5BC47A00CDA16D /* Assets.xcassets */,
				2726C69A1E5BC47A00CDA16D /* LaunchScreen.storyboard */,
				2726C69D1E5BC47A00CDA16D /* Info.plist */,
				2726C68C1E5BC47A00CDA16D /* Supporting Files */,
			);
			path = MDButtonScrollMenu;
			sourceTree = "<group>";
		};
		2726C68C1E5BC47A00CDA16D /* Supporting Files */ = {
			isa = PBXGroup;
			children = (
				2726C68D1E5BC47A00CDA16D /* main.m */,
			);
			name = "Supporting Files";
			sourceTree = "<group>";
		};
/* End PBXGroup section */

/* Begin PBXNativeTarget section */
		2726C6881E5BC47A00CDA16D /* MDButtonScrollMenu */ = {
			isa = PBXNativeTarget;
			buildConfigurationList = 2726C6A01E5BC47A00CDA16D /* Build configuration list for PBXNativeTarget "MDButtonScrollMenu" */;
			buildPhases = (
				2726C6851E5BC47A00CDA16D /* Sources */,
				2726C6861E5BC47A00CDA16D /* Frameworks */,
				2726C6871E5BC47A00CDA16D /* Resources */,
			);
			buildRules = (
			);
			dependencies = (
			);
			name = MDButtonScrollMenu;
			productName = MDButtonScrollMenu;
			productReference = 2726C6891E5BC47A00CDA16D /* MDButtonScrollMenu.app */;
			productType = "com.apple.product-type.application";
		};
/* End PBXNativeTarget section */

/* Begin PBXProject section */
		2726C6811E5BC47A00CDA16D /* Project object */ = {
			isa = PBXProject;
			attributes = {
				LastUpgradeCheck = 0800;
				ORGANIZATIONNAME = "姜孟东";
				TargetAttributes = {
					2726C6881E5BC47A00CDA16D = {
						CreatedOnToolsVersion = 8.0;
						ProvisioningStyle = Automatic;
					};
				};
			};
			buildConfigurationList = 2726C6841E5BC47A00CDA16D /* Build configuration list for PBXProject "MDButtonScrollMenu" */;
			compatibilityVersion = "Xcode 3.2";
			developmentRegion = English;
			hasScannedForEncodings = 0;
			knownRegions = (
				en,
				Base,
			);
			mainGroup = 2726C6801E5BC47A00CDA16D;
			productRefGroup = 2726C68A1E5BC47A00CDA16D /* Products */;
			projectDirPath = "";
			projectRoot = "";
			targets = (
				2726C6881E5BC47A00CDA16D /* MDButtonScrollMenu */,
			);
		};
/* End PBXProject section */

/* Begin PBXResourcesBuildPhase section */
		2726C6871E5BC47A00CDA16D /* Resources */ = {
			isa = PBXResourcesBuildPhase;
			buildActionMask = 2147483647;
			files = (
				2726C69C1E5BC47A00CDA16D /* LaunchScreen.storyboard in Resources */,
				2726C6991E5BC47A00CDA16D /* Assets.xcassets in Resources */,
				2726C6971E5BC47A00CDA16D /* Main.storyboard in Resources */,
			);
			runOnlyForDeploymentPostprocessing = 0;
		};
/* End PBXResourcesBuildPhase section */

/* Begin PBXSourcesBuildPhase section */
		2726C6851E5BC47A00CDA16D /* Sources */ = {
			isa = PBXSourcesBuildPhase;
			buildActionMask = 2147483647;
			files = (
				2704CE2B1E5BD25300A7BF4C /* OredrViewController.m in Sources */,
				2726C6911E5BC47A00CDA16D /* AppDelegate.m in Sources */,
				2726C68E1E5BC47A00CDA16D /* main.m in Sources */,
				2704CE311E5BE04C00A7BF4C /* MDMenuView.m in Sources */,
				2704CE2D1E5BD84300A7BF4C /* ViewController.m in Sources */,
			);
			runOnlyForDeploymentPostprocessing = 0;
		};
/* End PBXSourcesBuildPhase section */

/* Begin PBXVariantGroup section */
		2726C6951E5BC47A00CDA16D /* Main.storyboard */ = {
			isa = PBXVariantGroup;
			children = (
				2726C6961E5BC47A00CDA16D /* Base */,
			);
			name = Main.storyboard;
			sourceTree = "<group>";
		};
		2726C69A1E5BC47A00CDA16D /* LaunchScreen.storyboard */ = {
			isa = PBXVariantGroup;
			children = (
				2726C69B1E5BC47A00CDA16D /* Base */,
			);
			name = LaunchScreen.storyboard;
			sourceTree = "<group>";
		};
/* End PBXVariantGroup section */

/* Begin XCBuildConfiguration section */
		2726C69E1E5BC47A00CDA16D /* Debug */ = {
			isa = XCBuildConfiguration;
			buildSettings = {
				ALWAYS_SEARCH_USER_PATHS = NO;
				CLANG_ANALYZER_NONNULL = YES;
				CLANG_CXX_LANGUAGE_STANDARD = "gnu++0x";
				CLANG_CXX_LIBRARY = "libc++";
				CLANG_ENABLE_MODULES = YES;
				CLANG_ENABLE_OBJC_ARC = YES;
				CLANG_WARN_BOOL_CONVERSION = YES;
				CLANG_WARN_CONSTANT_CONVERSION = YES;
				CLANG_WARN_DIRECT_OBJC_ISA_USAGE = YES_ERROR;
				CLANG_WARN_DOCUMENTATION_COMMENTS = YES;
				CLANG_WARN_EMPTY_BODY = YES;
				CLANG_WARN_ENUM_CONVERSION = YES;
				CLANG_WARN_INFINITE_RECURSION = YES;
				CLANG_WARN_INT_CONVERSION = YES;
				CLANG_WARN_OBJC_ROOT_CLASS = YES_ERROR;
				CLANG_WARN_SUSPICIOUS_MOVES = YES;
				CLANG_WARN_UNREACHABLE_CODE = YES;
				CLANG_WARN__DUPLICATE_METHOD_MATCH = YES;
				"CODE_SIGN_IDENTITY[sdk=iphoneos*]" = "iPhone Developer";
				COPY_PHASE_STRIP = NO;
				DEBUG_INFORMATION_FORMAT = dwarf;
				ENABLE_STRICT_OBJC_MSGSEND = YES;
				ENABLE_TESTABILITY = YES;
				GCC_C_LANGUAGE_STANDARD = gnu99;
				GCC_DYNAMIC_NO_PIC = NO;
				GCC_NO_COMMON_BLOCKS = YES;
				GCC_OPTIMIZATION_LEVEL = 0;
				GCC_PREPROCESSOR_DEFINITIONS = (
					"DEBUG=1",
					"$(inherited)",
				);
				GCC_WARN_64_TO_32_BIT_CONVERSION = YES;
				GCC_WARN_ABOUT_RETURN_TYPE = YES_ERROR;
				GCC_WARN_UNDECLARED_SELECTOR = YES;
				GCC_WARN_UNINITIALIZED_AUTOS = YES_AGGRESSIVE;
				GCC_WARN_UNUSED_FUNCTION = YES;
				GCC_WARN_UNUSED_VARIABLE = YES;
				IPHONEOS_DEPLOYMENT_TARGET = 10.0;
				MTL_ENABLE_DEBUG_INFO = YES;
				ONLY_ACTIVE_ARCH = YES;
				SDKROOT = iphoneos;
			};
			name = Debug;
		};
		2726C69F1E5BC47A00CDA16D /* Release */ = {
			isa = XCBuildConfiguration;
			buildSettings = {
				ALWAYS_SEARCH_USER_PATHS = NO;
				CLANG_ANALYZER_NONNULL = YES;
				CLANG_CXX_LANGUAGE_STANDARD = "gnu++0x";
				CLANG_CXX_LIBRARY = "libc++";
				CLANG_ENABLE_MODULES = YES;
				CLANG_ENABLE_OBJC_ARC = YES;
				CLANG_WARN_BOOL_CONVERSION = YES;
				CLANG_WARN_CONSTANT_CONVERSION = YES;
				CLANG_WARN_DIRECT_OBJC_ISA_USAGE = YES_ERROR;
				CLANG_WARN_DOCUMENTATION_COMMENTS = YES;
				CLANG_WARN_EMPTY_BODY = YES;
				CLANG_WARN_ENUM_CONVERSION = YES;
				CLANG_WARN_INFINITE_RECURSION = YES;
				CLANG_WARN_INT_CONVERSION = YES;
				CLANG_WARN_OBJC_ROOT_CLASS = YES_ERROR;
				CLANG_WARN_SUSPICIOUS_MOVES = YES;
				CLANG_WARN_UNREACHABLE_CODE = YES;
				CLANG_WARN__DUPLICATE_METHOD_MATCH = YES;
				"CODE_SIGN_IDENTITY[sdk=iphoneos*]" = "iPhone Developer";
				COPY_PHASE_STRIP = NO;
				DEBUG_INFORMATION_FORMAT = "dwarf-with-dsym";
				ENABLE_NS_ASSERTIONS = NO;
				ENABLE_STRICT_OBJC_MSGSEND = YES;
				GCC_C_LANGUAGE_STANDARD = gnu99;
				GCC_NO_COMMON_BLOCKS = YES;
				GCC_WARN_64_TO_32_BIT_CONVERSION = YES;
				GCC_WARN_ABOUT_RETURN_TYPE = YES_ERROR;
				GCC_WARN_UNDECLARED_SELECTOR = YES;
				GCC_WARN_UNINITIALIZED_AUTOS = YES_AGGRESSIVE;
				GCC_WARN_UNUSED_FUNCTION = YES;
				GCC_WARN_UNUSED_VARIABLE = YES;
				IPHONEOS_DEPLOYMENT_TARGET = 10.0;
				MTL_ENABLE_DEBUG_INFO = NO;
				SDKROOT = iphoneos;
				VALIDATE_PRODUCT = YES;
			};
			name = Release;
		};
		2726C6A11E5BC47A00CDA16D /* Debug */ = {
			isa = XCBuildConfiguration;
			buildSettings = {
				ASSETCATALOG_COMPILER_APPICON_NAME = AppIcon;
				DEVELOPMENT_TEAM = "";
				INFOPLIST_FILE = MDButtonScrollMenu/Info.plist;
				IPHONEOS_DEPLOYMENT_TARGET = 8.0;
				LD_RUNPATH_SEARCH_PATHS = "$(inherited) @executable_path/Frameworks";
				PRODUCT_BUNDLE_IDENTIFIER = "-.MDButtonScrollMenu";
				PRODUCT_NAME = "$(TARGET_NAME)";
			};
			name = Debug;
		};
		2726C6A21E5BC47A00CDA16D /* Release */ = {
			isa = XCBuildConfiguration;
			buildSettings = {
				ASSETCATALOG_COMPILER_APPICON_NAME = AppIcon;
				DEVELOPMENT_TEAM = "";
				INFOPLIST_FILE = MDButtonScrollMenu/Info.plist;
				IPHONEOS_DEPLOYMENT_TARGET = 8.0;
				LD_RUNPATH_SEARCH_PATHS = "$(inherited) @executable_path/Frameworks";
				PRODUCT_BUNDLE_IDENTIFIER = "-.MDButtonScrollMenu";
				PRODUCT_NAME = "$(TARGET_NAME)";
			};
			name = Release;
		};
/* End XCBuildConfiguration section */

/* Begin XCConfigurationList section */
		2726C6841E5BC47A00CDA16D /* Build configuration list for PBXProject "MDButtonScrollMenu" */ = {
			isa = XCConfigurationList;
			buildConfigurations = (
				2726C69E1E5BC47A00CDA16D /* Debug */,
				2726C69F1E5BC47A00CDA16D /* Release */,
			);
			defaultConfigurationIsVisible = 0;
			defaultConfigurationName = Release;
		};
		2726C6A01E5BC47A00CDA16D /* Build configuration list for PBXNativeTarget "MDButtonScrollMenu" */ = {
			isa = XCConfigurationList;
			buildConfigurations = (
				2726C6A11E5BC47A00CDA16D /* Debug */,
				2726C6A21E5BC47A00CDA16D /* Release */,
			);
			defaultConfigurationIsVisible = 0;
			defaultConfigurationName = Release;
		};
/* End XCConfigurationList section */
	};
	rootObject = 2726C6811E5BC47A00CDA16D /* Project object */;
}
